// !$*UTF8*$!
{
	archiveVersion = 1;
	classes = {
	};
	objectVersion = 46;
	objects = {

/* Begin PBXBuildFile section */
		542D256C1EDFEAD000994E06 /* UXJPersonalCenterVC.swift in Sources */ = {isa = PBXBuildFile; fileRef = 542D25691EDFEAD000994E06 /* UXJPersonalCenterVC.swift */; };
		542D25741EDFEADA00994E06 /* UXJHomePageVC.swift in Sources */ = {isa = PBXBuildFile; fileRef = 542D256F1EDFEADA00994E06 /* UXJHomePageVC.swift */; };
		542D25751EDFEADA00994E06 /* UXJHomePageCell.swift in Sources */ = {isa = PBXBuildFile; fileRef = 542D25721EDFEADA00994E06 /* UXJHomePageCell.swift */; };
		542D25761EDFEADA00994E06 /* UXJHomePageCell.xib in Resources */ = {isa = PBXBuildFile; fileRef = 542D25731EDFEADA00994E06 /* UXJHomePageCell.xib */; };
		542D257A1EDFEAE300994E06 /* SystemConfig.swift in Sources */ = {isa = PBXBuildFile; fileRef = 542D25781EDFEAE300994E06 /* SystemConfig.swift */; };
		542D257B1EDFEAE300994E06 /* UXJBaseVC.swift in Sources */ = {isa = PBXBuildFile; fileRef = 542D25791EDFEAE300994E06 /* UXJBaseVC.swift */; };
		542D257F1EDFEAEA00994E06 /* UXJNavigationController.swift in Sources */ = {isa = PBXBuildFile; fileRef = 542D257D1EDFEAEA00994E06 /* UXJNavigationController.swift */; };
		542D25801EDFEAEA00994E06 /* UXJRootVC.swift in Sources */ = {isa = PBXBuildFile; fileRef = 542D257E1EDFEAEA00994E06 /* UXJRootVC.swift */; };
		542D25871EDFEB7700994E06 /* Assets.xcassets in Resources */ = {isa = PBXBuildFile; fileRef = 542D25851EDFEB7700994E06 /* Assets.xcassets */; };
		542D25881EDFEB7700994E06 /* Info.plist in Resources */ = {isa = PBXBuildFile; fileRef = 542D25861EDFEB7700994E06 /* Info.plist */; };
		54E4A91D1ED7BEAD004B33E6 /* AppDelegate.swift in Sources */ = {isa = PBXBuildFile; fileRef = 54E4A91C1ED7BEAD004B33E6 /* AppDelegate.swift */; };
		54E4A91F1ED7BEAD004B33E6 /* ViewController.swift in Sources */ = {isa = PBXBuildFile; fileRef = 54E4A91E1ED7BEAD004B33E6 /* ViewController.swift */; };
		54E4A9221ED7BEAD004B33E6 /* Main.storyboard in Resources */ = {isa = PBXBuildFile; fileRef = 54E4A9201ED7BEAD004B33E6 /* Main.storyboard */; };
		54E4A9271ED7BEAD004B33E6 /* LaunchScreen.storyboard in Resources */ = {isa = PBXBuildFile; fileRef = 54E4A9251ED7BEAD004B33E6 /* LaunchScreen.storyboard */; };
		54E4A9321ED7BEAD004B33E6 /* uxuanjiaTests.swift in Sources */ = {isa = PBXBuildFile; fileRef = 54E4A9311ED7BEAD004B33E6 /* uxuanjiaTests.swift */; };
		54E4A93D1ED7BEAD004B33E6 /* uxuanjiaUITests.swift in Sources */ = {isa = PBXBuildFile; fileRef = 54E4A93C1ED7BEAD004B33E6 /* uxuanjiaUITests.swift */; };
		BAA8DA80C03B782D11A66EF1 /* Pods_uxuanjia.framework in Frameworks */ = {isa = PBXBuildFile; fileRef = 609BEAF4B72D19F6805C155E /* Pods_uxuanjia.framework */; };
/* End PBXBuildFile section */

/* Begin PBXContainerItemProxy section */
		54E4A92E1ED7BEAD004B33E6 /* PBXContainerItemProxy */ = {
			isa = PBXContainerItemProxy;
			containerPortal = 54E4A9111ED7BEAD004B33E6 /* Project object */;
			proxyType = 1;
			remoteGlobalIDString = 54E4A9181ED7BEAD004B33E6;
			remoteInfo = uxuanjia;
		};
		54E4A9391ED7BEAD004B33E6 /* PBXContainerItemProxy */ = {
			isa = PBXContainerItemProxy;
			containerPortal = 54E4A9111ED7BEAD004B33E6 /* Project object */;
			proxyType = 1;
			remoteGlobalIDString = 54E4A9181ED7BEAD004B33E6;
			remoteInfo = uxuanjia;
		};
/* End PBXContainerItemProxy section */

/* Begin PBXFileReference section */
		3C837A2D33874374F80E8405 /* Pods-uxuanjia.debug.xcconfig */ = {isa = PBXFileReference; includeInIndex = 1; lastKnownFileType = text.xcconfig; name = "Pods-uxuanjia.debug.xcconfig"; path = "Pods/Target Support Files/Pods-uxuanjia/Pods-uxuanjia.debug.xcconfig"; sourceTree = "<group>"; };
		4B40EB5B0CF32E729C12AA6E /* Pods-uxuanjia.release.xcconfig */ = {isa = PBXFileReference; includeInIndex = 1; lastKnownFileType = text.xcconfig; name = "Pods-uxuanjia.release.xcconfig"; path = "Pods/Target Support Files/Pods-uxuanjia/Pods-uxuanjia.release.xcconfig"; sourceTree = "<group>"; };
		542D25691EDFEAD000994E06 /* UXJPersonalCenterVC.swift */ = {isa = PBXFileReference; fileEncoding = 4; lastKnownFileType = sourcecode.swift; path = UXJPersonalCenterVC.swift; sourceTree = "<group>"; };
		542D256F1EDFEADA00994E06 /* UXJHomePageVC.swift */ = {isa = PBXFileReference; fileEncoding = 4; lastKnownFileType = sourcecode.swift; path = UXJHomePageVC.swift; sourceTree = "<group>"; };
		542D25721EDFEADA00994E06 /* UXJHomePageCell.swift */ = {isa = PBXFileReference; fileEncoding = 4; lastKnownFileType = sourcecode.swift; path = UXJHomePageCell.swift; sourceTree = "<group>"; };
		542D25731EDFEADA00994E06 /* UXJHomePageCell.xib */ = {isa = PBXFileReference; fileEncoding = 4; lastKnownFileType = file.xib; path = UXJHomePageCell.xib; sourceTree = "<group>"; };
		542D25781EDFEAE300994E06 /* SystemConfig.swift */ = {isa = PBXFileReference; fileEncoding = 4; lastKnownFileType = sourcecode.swift; path = SystemConfig.swift; sourceTree = "<group>"; };
		542D25791EDFEAE300994E06 /* UXJBaseVC.swift */ = {isa = PBXFileReference; fileEncoding = 4; lastKnownFileType = sourcecode.swift; path = UXJBaseVC.swift; sourceTree = "<group>"; };
		542D257D1EDFEAEA00994E06 /* UXJNavigationController.swift */ = {isa = PBXFileReference; fileEncoding = 4; lastKnownFileType = sourcecode.swift; path = UXJNavigationController.swift; sourceTree = "<group>"; };
		542D257E1EDFEAEA00994E06 /* UXJRootVC.swift */ = {isa = PBXFileReference; fileEncoding = 4; lastKnownFileType = sourcecode.swift; path = UXJRootVC.swift; sourceTree = "<group>"; };
		542D25851EDFEB7700994E06 /* Assets.xcassets */ = {isa = PBXFileReference; lastKnownFileType = folder.assetcatalog; path = Assets.xcassets; sourceTree = "<group>"; };
		542D25861EDFEB7700994E06 /* Info.plist */ = {isa = PBXFileReference; fileEncoding = 4; lastKnownFileType = text.plist.xml; path = Info.plist; sourceTree = "<group>"; };
		54E4A9191ED7BEAD004B33E6 /* uxuanjia.app */ = {isa = PBXFileReference; explicitFileType = wrapper.application; includeInIndex = 0; path = uxuanjia.app; sourceTree = BUILT_PRODUCTS_DIR; };
		54E4A91C1ED7BEAD004B33E6 /* AppDelegate.swift */ = {isa = PBXFileReference; lastKnownFileType = sourcecode.swift; path = AppDelegate.swift; sourceTree = "<group>"; };
		54E4A91E1ED7BEAD004B33E6 /* ViewController.swift */ = {isa = PBXFileReference; lastKnownFileType = sourcecode.swift; path = ViewController.swift; sourceTree = "<group>"; };
		54E4A9211ED7BEAD004B33E6 /* Base */ = {isa = PBXFileReference; lastKnownFileType = file.storyboard; name = Base; path = Base.lproj/Main.storyboard; sourceTree = "<group>"; };
		54E4A9261ED7BEAD004B33E6 /* Base */ = {isa = PBXFileReference; lastKnownFileType = file.storyboard; name = Base; path = Base.lproj/LaunchScreen.storyboard; sourceTree = "<group>"; };
		54E4A92D1ED7BEAD004B33E6 /* uxuanjiaTests.xctest */ = {isa = PBXFileReference; explicitFileType = wrapper.cfbundle; includeInIndex = 0; path = uxuanjiaTests.xctest; sourceTree = BUILT_PRODUCTS_DIR; };
		54E4A9311ED7BEAD004B33E6 /* uxuanjiaTests.swift */ = {isa = PBXFileReference; lastKnownFileType = sourcecode.swift; path = uxuanjiaTests.swift; sourceTree = "<group>"; };
		54E4A9331ED7BEAD004B33E6 /* Info.plist */ = {isa = PBXFileReference; lastKnownFileType = text.plist.xml; path = Info.plist; sourceTree = "<group>"; };
		54E4A9381ED7BEAD004B33E6 /* uxuanjiaUITests.xctest */ = {isa = PBXFileReference; explicitFileType = wrapper.cfbundle; includeInIndex = 0; path = uxuanjiaUITests.xctest; sourceTree = BUILT_PRODUCTS_DIR; };
		54E4A93C1ED7BEAD004B33E6 /* uxuanjiaUITests.swift */ = {isa = PBXFileReference; lastKnownFileType = sourcecode.swift; path = uxuanjiaUITests.swift; sourceTree = "<group>"; };
		54E4A93E1ED7BEAD004B33E6 /* Info.plist */ = {isa = PBXFileReference; lastKnownFileType = text.plist.xml; path = Info.plist; sourceTree = "<group>"; };
		609BEAF4B72D19F6805C155E /* Pods_uxuanjia.framework */ = {isa = PBXFileReference; explicitFileType = wrapper.framework; includeInIndex = 0; path = Pods_uxuanjia.framework; sourceTree = BUILT_PRODUCTS_DIR; };
/* End PBXFileReference section */

/* Begin PBXFrameworksBuildPhase section */
		54E4A9161ED7BEAD004B33E6 /* Frameworks */ = {
			isa = PBXFrameworksBuildPhase;
			buildActionMask = 2147483647;
			files = (
				BAA8DA80C03B782D11A66EF1 /* Pods_uxuanjia.framework in Frameworks */,
			);
			runOnlyForDeploymentPostprocessing = 0;
		};
		54E4A92A1ED7BEAD004B33E6 /* Frameworks */ = {
			isa = PBXFrameworksBuildPhase;
			buildActionMask = 2147483647;
			files = (
			);
			runOnlyForDeploymentPostprocessing = 0;
		};
		54E4A9351ED7BEAD004B33E6 /* Frameworks */ = {
			isa = PBXFrameworksBuildPhase;
			buildActionMask = 2147483647;
			files = (
			);
			runOnlyForDeploymentPostprocessing = 0;
		};
/* End PBXFrameworksBuildPhase section */

/* Begin PBXGroup section */
		542D25651EDFEABD00994E06 /* ThirdLibrary */ = {
			isa = PBXGroup;
			children = (
			);
			path = ThirdLibrary;
			sourceTree = "<group>";
		};
		542D25661EDFEAC900994E06 /* Expand */ = {
			isa = PBXGroup;
			children = (
			);
			path = Expand;
			sourceTree = "<group>";
		};
		542D25671EDFEAD000994E06 /* PersonalCenter */ = {
			isa = PBXGroup;
			children = (
				542D25681EDFEAD000994E06 /* Controller */,
				542D256A1EDFEAD000994E06 /* Model */,
				542D256B1EDFEAD000994E06 /* View */,
			);
			path = PersonalCenter;
			sourceTree = "<group>";
		};
		542D25681EDFEAD000994E06 /* Controller */ = {
			isa = PBXGroup;
			children = (
				542D25691EDFEAD000994E06 /* UXJPersonalCenterVC.swift */,
			);
			path = Controller;
			sourceTree = "<group>";
		};
		542D256A1EDFEAD000994E06 /* Model */ = {
			isa = PBXGroup;
			children = (
			);
			path = Model;
			sourceTree = "<group>";
		};
		542D256B1EDFEAD000994E06 /* View */ = {
			isa = PBXGroup;
			children = (
			);
			path = View;
			sourceTree = "<group>";
		};
		542D256D1EDFEADA00994E06 /* Home */ = {
			isa = PBXGroup;
			children = (
				542D256E1EDFEADA00994E06 /* Controller */,
				542D25701EDFEADA00994E06 /* Model */,
				542D25711EDFEADA00994E06 /* View */,
			);
			path = Home;
			sourceTree = "<group>";
		};
		542D256E1EDFEADA00994E06 /* Controller */ = {
			isa = PBXGroup;
			children = (
				542D256F1EDFEADA00994E06 /* UXJHomePageVC.swift */,
			);
			path = Controller;
			sourceTree = "<group>";
		};
		542D25701EDFEADA00994E06 /* Model */ = {
			isa = PBXGroup;
			children = (
			);
			path = Model;
			sourceTree = "<group>";
		};
		542D25711EDFEADA00994E06 /* View */ = {
			isa = PBXGroup;
			children = (
				542D25721EDFEADA00994E06 /* UXJHomePageCell.swift */,
				542D25731EDFEADA00994E06 /* UXJHomePageCell.xib */,
			);
			path = View;
			sourceTree = "<group>";
		};
		542D25771EDFEAE300994E06 /* Common */ = {
			isa = PBXGroup;
			children = (
				542D25781EDFEAE300994E06 /* SystemConfig.swift */,
				542D25791EDFEAE300994E06 /* UXJBaseVC.swift */,
			);
			path = Common;
			sourceTree = "<group>";
		};
		542D257C1EDFEAEA00994E06 /* Main */ = {
			isa = PBXGroup;
			children = (
				542D257D1EDFEAEA00994E06 /* UXJNavigationController.swift */,
				542D257E1EDFEAEA00994E06 /* UXJRootVC.swift */,
			);
			path = Main;
			sourceTree = "<group>";
		};
		542D258A1EDFECCF00994E06 /* SupportingFile */ = {
			isa = PBXGroup;
			children = (
				542D25851EDFEB7700994E06 /* Assets.xcassets */,
				542D25861EDFEB7700994E06 /* Info.plist */,
				54E4A91E1ED7BEAD004B33E6 /* ViewController.swift */,
				54E4A9201ED7BEAD004B33E6 /* Main.storyboard */,
				54E4A9251ED7BEAD004B33E6 /* LaunchScreen.storyboard */,
			);
			name = SupportingFile;
			sourceTree = "<group>";
		};
		54E4A9101ED7BEAD004B33E6 = {
			isa = PBXGroup;
			children = (
				54E4A91B1ED7BEAD004B33E6 /* uxuanjia */,
				54E4A9301ED7BEAD004B33E6 /* uxuanjiaTests */,
				54E4A93B1ED7BEAD004B33E6 /* uxuanjiaUITests */,
				54E4A91A1ED7BEAD004B33E6 /* Products */,
				AB65ABEAD4B84070A37211F6 /* Pods */,
				93EDD5B3AF5D7FACDFB14933 /* Frameworks */,
			);
			sourceTree = "<group>";
		};
		54E4A91A1ED7BEAD004B33E6 /* Products */ = {
			isa = PBXGroup;
			children = (
				54E4A9191ED7BEAD004B33E6 /* uxuanjia.app */,
				54E4A92D1ED7BEAD004B33E6 /* uxuanjiaTests.xctest */,
				54E4A9381ED7BEAD004B33E6 /* uxuanjiaUITests.xctest */,
			);
			name = Products;
			sourceTree = "<group>";
		};
		54E4A91B1ED7BEAD004B33E6 /* uxuanjia */ = {
			isa = PBXGroup;
			children = (
				54E4A91C1ED7BEAD004B33E6 /* AppDelegate.swift */,
				542D257C1EDFEAEA00994E06 /* Main */,
				542D25771EDFEAE300994E06 /* Common */,
				542D256D1EDFEADA00994E06 /* Home */,
				542D25671EDFEAD000994E06 /* PersonalCenter */,
				542D25661EDFEAC900994E06 /* Expand */,
				542D25651EDFEABD00994E06 /* ThirdLibrary */,
				542D258A1EDFECCF00994E06 /* SupportingFile */,
			);
			path = uxuanjia;
			sourceTree = "<group>";
		};
		54E4A9301ED7BEAD004B33E6 /* uxuanjiaTests */ = {
			isa = PBXGroup;
			children = (
				54E4A9311ED7BEAD004B33E6 /* uxuanjiaTests.swift */,
				54E4A9331ED7BEAD004B33E6 /* Info.plist */,
			);
			path = uxuanjiaTests;
			sourceTree = "<group>";
		};
		54E4A93B1ED7BEAD004B33E6 /* uxuanjiaUITests */ = {
			isa = PBXGroup;
			children = (
				54E4A93C1ED7BEAD004B33E6 /* uxuanjiaUITests.swift */,
				54E4A93E1ED7BEAD004B33E6 /* Info.plist */,
			);
			path = uxuanjiaUITests;
			sourceTree = "<group>";
		};
		93EDD5B3AF5D7FACDFB14933 /* Frameworks */ = {
			isa = PBXGroup;
			children = (
				609BEAF4B72D19F6805C155E /* Pods_uxuanjia.framework */,
			);
			name = Frameworks;
			sourceTree = "<group>";
		};
		AB65ABEAD4B84070A37211F6 /* Pods */ = {
			isa = PBXGroup;
			children = (
				3C837A2D33874374F80E8405 /* Pods-uxuanjia.debug.xcconfig */,
				4B40EB5B0CF32E729C12AA6E /* Pods-uxuanjia.release.xcconfig */,
			);
			name = Pods;
			sourceTree = "<group>";
		};
/* End PBXGroup section */

/* Begin PBXNativeTarget section */
		54E4A9181ED7BEAD004B33E6 /* uxuanjia */ = {
			isa = PBXNativeTarget;
			buildConfigurationList = 54E4A9411ED7BEAD004B33E6 /* Build configuration list for PBXNativeTarget "uxuanjia" */;
			buildPhases = (
				CDEBA6D6B286100B56615BDD /* [CP] Check Pods Manifest.lock */,
				54E4A9151ED7BEAD004B33E6 /* Sources */,
				54E4A9161ED7BEAD004B33E6 /* Frameworks */,
				54E4A9171ED7BEAD004B33E6 /* Resources */,
				B6BE254FD583E49EB9C8819F /* [CP] Embed Pods Frameworks */,
				D2D01C28B78ECF8FCB51A284 /* [CP] Copy Pods Resources */,
			);
			buildRules = (
			);
			dependencies = (
			);
			name = uxuanjia;
			productName = uxuanjia;
			productReference = 54E4A9191ED7BEAD004B33E6 /* uxuanjia.app */;
			productType = "com.apple.product-type.application";
		};
		54E4A92C1ED7BEAD004B33E6 /* uxuanjiaTests */ = {
			isa = PBXNativeTarget;
			buildConfigurationList = 54E4A9441ED7BEAD004B33E6 /* Build configuration list for PBXNativeTarget "uxuanjiaTests" */;
			buildPhases = (
				54E4A9291ED7BEAD004B33E6 /* Sources */,
				54E4A92A1ED7BEAD004B33E6 /* Frameworks */,
				54E4A92B1ED7BEAD004B33E6 /* Resources */,
			);
			buildRules = (
			);
			dependencies = (
				54E4A92F1ED7BEAD004B33E6 /* PBXTargetDependency */,
			);
			name = uxuanjiaTests;
			productName = uxuanjiaTests;
			productReference = 54E4A92D1ED7BEAD004B33E6 /* uxuanjiaTests.xctest */;
			productType = "com.apple.product-type.bundle.unit-test";
		};
		54E4A9371ED7BEAD004B33E6 /* uxuanjiaUITests */ = {
			isa = PBXNativeTarget;
			buildConfigurationList = 54E4A9471ED7BEAD004B33E6 /* Build configuration list for PBXNativeTarget "uxuanjiaUITests" */;
			buildPhases = (
				54E4A9341ED7BEAD004B33E6 /* Sources */,
				54E4A9351ED7BEAD004B33E6 /* Frameworks */,
				54E4A9361ED7BEAD004B33E6 /* Resources */,
			);
			buildRules = (
			);
			dependencies = (
				54E4A93A1ED7BEAD004B33E6 /* PBXTargetDependency */,
			);
			name = uxuanjiaUITests;
			productName = uxuanjiaUITests;
			productReference = 54E4A9381ED7BEAD004B33E6 /* uxuanjiaUITests.xctest */;
			productType = "com.apple.product-type.bundle.ui-testing";
		};
/* End PBXNativeTarget section */

/* Begin PBXProject section */
		54E4A9111ED7BEAD004B33E6 /* Project object */ = {
			isa = PBXProject;
			attributes = {
				CLASSPREFIX = UXJ;
				LastSwiftUpdateCheck = 0820;
				LastUpgradeCheck = 0820;
				ORGANIZATIONNAME = JHnoplan;
				TargetAttributes = {
					54E4A9181ED7BEAD004B33E6 = {
						CreatedOnToolsVersion = 8.2.1;
						DevelopmentTeam = DAVD54NJ5D;
						ProvisioningStyle = Automatic;
					};
					54E4A92C1ED7BEAD004B33E6 = {
						CreatedOnToolsVersion = 8.2.1;
						DevelopmentTeam = DAVD54NJ5D;
						ProvisioningStyle = Automatic;
						TestTargetID = 54E4A9181ED7BEAD004B33E6;
					};
					54E4A9371ED7BEAD004B33E6 = {
						CreatedOnToolsVersion = 8.2.1;
						DevelopmentTeam = DAVD54NJ5D;
						ProvisioningStyle = Automatic;
						TestTargetID = 54E4A9181ED7BEAD004B33E6;
					};
				};
			};
			buildConfigurationList = 54E4A9141ED7BEAD004B33E6 /* Build configuration list for PBXProject "uxuanjia" */;
			compatibilityVersion = "Xcode 3.2";
			developmentRegion = English;
			hasScannedForEncodings = 0;
			knownRegions = (
				en,
				Base,
			);
			mainGroup = 54E4A9101ED7BEAD004B33E6;
			productRefGroup = 54E4A91A1ED7BEAD004B33E6 /* Products */;
			projectDirPath = "";
			projectRoot = "";
			targets = (
				54E4A9181ED7BEAD004B33E6 /* uxuanjia */,
				54E4A92C1ED7BEAD004B33E6 /* uxuanjiaTests */,
				54E4A9371ED7BEAD004B33E6 /* uxuanjiaUITests */,
			);
		};
/* End PBXProject section */

/* Begin PBXResourcesBuildPhase section */
		54E4A9171ED7BEAD004B33E6 /* Resources */ = {
			isa = PBXResourcesBuildPhase;
			buildActionMask = 2147483647;
			files = (
				54E4A9271ED7BEAD004B33E6 /* LaunchScreen.storyboard in Resources */,
				542D25761EDFEADA00994E06 /* UXJHomePageCell.xib in Resources */,
				542D25871EDFEB7700994E06 /* Assets.xcassets in Resources */,
				542D25881EDFEB7700994E06 /* Info.plist in Resources */,
				54E4A9221ED7BEAD004B33E6 /* Main.storyboard in Resources */,
			);
			runOnlyForDeploymentPostprocessing = 0;
		};
		54E4A92B1ED7BEAD004B33E6 /* Resources */ = {
			isa = PBXResourcesBuildPhase;
			buildActionMask = 2147483647;
			files = (
			);
			runOnlyForDeploymentPostprocessing = 0;
		};
		54E4A9361ED7BEAD004B33E6 /* Resources */ = {
			isa = PBXResourcesBuildPhase;
			buildActionMask = 2147483647;
			files = (
			);
			runOnlyForDeploymentPostprocessing = 0;
		};
/* End PBXResourcesBuildPhase section */

/* Begin PBXShellScriptBuildPhase section */
		B6BE254FD583E49EB9C8819F /* [CP] Embed Pods Frameworks */ = {
			isa = PBXShellScriptBuildPhase;
			buildActionMask = 2147483647;
			files = (
			);
			inputPaths = (
			);
			name = "[CP] Embed Pods Frameworks";
			outputPaths = (
			);
			runOnlyForDeploymentPostprocessing = 0;
			shellPath = /bin/sh;
			shellScript = "\"${SRCROOT}/Pods/Target Support Files/Pods-uxuanjia/Pods-uxuanjia-frameworks.sh\"\n";
			showEnvVarsInLog = 0;
		};
		CDEBA6D6B286100B56615BDD /* [CP] Check Pods Manifest.lock */ = {
			isa = PBXShellScriptBuildPhase;
			buildActionMask = 2147483647;
			files = (
			);
			inputPaths = (
			);
			name = "[CP] Check Pods Manifest.lock";
			outputPaths = (
			);
			runOnlyForDeploymentPostprocessing = 0;
			shellPath = /bin/sh;
			shellScript = "diff \"${PODS_PODFILE_DIR_PATH}/Podfile.lock\" \"${PODS_ROOT}/Manifest.lock\" > /dev/null\nif [ $? != 0 ] ; then\n    # print error to STDERR\n    echo \"error: The sandbox is not in sync with the Podfile.lock. Run 'pod install' or update your CocoaPods installation.\" >&2\n    exit 1\nfi\n";
			showEnvVarsInLog = 0;
		};
		D2D01C28B78ECF8FCB51A284 /* [CP] Copy Pods Resources */ = {
			isa = PBXShellScriptBuildPhase;
			buildActionMask = 2147483647;
			files = (
			);
			inputPaths = (
			);
			name = "[CP] Copy Pods Resources";
			outputPaths = (
			);
			runOnlyForDeploymentPostprocessing = 0;
			shellPath = /bin/sh;
			shellScript = "\"${SRCROOT}/Pods/Target Support Files/Pods-uxuanjia/Pods-uxuanjia-resources.sh\"\n";
			showEnvVarsInLog = 0;
		};
/* End PBXShellScriptBuildPhase section */

/* Begin PBXSourcesBuildPhase section */
		54E4A9151ED7BEAD004B33E6 /* Sources */ = {
			isa = PBXSourcesBuildPhase;
			buildActionMask = 2147483647;
			files = (
				542D25741EDFEADA00994E06 /* UXJHomePageVC.swift in Sources */,
				542D25751EDFEADA00994E06 /* UXJHomePageCell.swift in Sources */,
				54E4A91F1ED7BEAD004B33E6 /* ViewController.swift in Sources */,
				542D257F1EDFEAEA00994E06 /* UXJNavigationController.swift in Sources */,
				542D256C1EDFEAD000994E06 /* UXJPersonalCenterVC.swift in Sources */,
				542D25801EDFEAEA00994E06 /* UXJRootVC.swift in Sources */,
				542D257A1EDFEAE300994E06 /* SystemConfig.swift in Sources */,
				54E4A91D1ED7BEAD004B33E6 /* AppDelegate.swift in Sources */,
				542D257B1EDFEAE300994E06 /* UXJBaseVC.swift in Sources */,
			);
			runOnlyForDeploymentPostprocessing = 0;
		};
		54E4A9291ED7BEAD004B33E6 /* Sources */ = {
			isa = PBXSourcesBuildPhase;
			buildActionMask = 2147483647;
			files = (
				54E4A9321ED7BEAD004B33E6 /* uxuanjiaTests.swift in Sources */,
			);
			runOnlyForDeploymentPostprocessing = 0;
		};
		54E4A9341ED7BEAD004B33E6 /* Sources */ = {
			isa = PBXSourcesBuildPhase;
			buildActionMask = 2147483647;
			files = (
				54E4A93D1ED7BEAD004B33E6 /* uxuanjiaUITests.swift in Sources */,
			);
			runOnlyForDeploymentPostprocessing = 0;
		};
/* End PBXSourcesBuildPhase section */

/* Begin PBXTargetDependency section */
		54E4A92F1ED7BEAD004B33E6 /* PBXTargetDependency */ = {
			isa = PBXTargetDependency;
			target = 54E4A9181ED7BEAD004B33E6 /* uxuanjia */;
			targetProxy = 54E4A92E1ED7BEAD004B33E6 /* PBXContainerItemProxy */;
		};
		54E4A93A1ED7BEAD004B33E6 /* PBXTargetDependency */ = {
			isa = PBXTargetDependency;
			target = 54E4A9181ED7BEAD004B33E6 /* uxuanjia */;
			targetProxy = 54E4A9391ED7BEAD004B33E6 /* PBXContainerItemProxy */;
		};
/* End PBXTargetDependency section */

/* Begin PBXVariantGroup section */
		54E4A9201ED7BEAD004B33E6 /* Main.storyboard */ = {
			isa = PBXVariantGroup;
			children = (
				54E4A9211ED7BEAD004B33E6 /* Base */,
			);
			name = Main.storyboard;
			sourceTree = "<group>";
		};
		54E4A9251ED7BEAD004B33E6 /* LaunchScreen.storyboard */ = {
			isa = PBXVariantGroup;
			children = (
				54E4A9261ED7BEAD004B33E6 /* Base */,
			);
			name = LaunchScreen.storyboard;
			sourceTree = "<group>";
		};
/* End PBXVariantGroup section */

/* Begin XCBuildConfiguration section */
		54E4A93F1ED7BEAD004B33E6 /* Debug */ = {
			isa = XCBuildConfiguration;
			buildSettings = {
				ALWAYS_SEARCH_USER_PATHS = NO;
				CLANG_ANALYZER_NONNULL = YES;
				CLANG_CXX_LANGUAGE_STANDARD = "gnu++0x";
				CLANG_CXX_LIBRARY = "libc++";
				CLANG_ENABLE_MODULES = YES;
				CLANG_ENABLE_OBJC_ARC = YES;
				CLANG_WARN_BOOL_CONVERSION = YES;
				CLANG_WARN_CONSTANT_CONVERSION = YES;
				CLANG_WARN_DIRECT_OBJC_ISA_USAGE = YES_ERROR;
				CLANG_WARN_DOCUMENTATION_COMMENTS = YES;
				CLANG_WARN_EMPTY_BODY = YES;
				CLANG_WARN_ENUM_CONVERSION = YES;
				CLANG_WARN_INFINITE_RECURSION = YES;
				CLANG_WARN_INT_CONVERSION = YES;
				CLANG_WARN_OBJC_ROOT_CLASS = YES_ERROR;
				CLANG_WARN_SUSPICIOUS_MOVE = YES;
				CLANG_WARN_UNREACHABLE_CODE = YES;
				CLANG_WARN__DUPLICATE_METHOD_MATCH = YES;
				"CODE_SIGN_IDENTITY[sdk=iphoneos*]" = "iPhone Developer";
				COPY_PHASE_STRIP = NO;
				DEBUG_INFORMATION_FORMAT = dwarf;
				ENABLE_STRICT_OBJC_MSGSEND = YES;
				ENABLE_TESTABILITY = YES;
				GCC_C_LANGUAGE_STANDARD = gnu99;
				GCC_DYNAMIC_NO_PIC = NO;
				GCC_NO_COMMON_BLOCKS = YES;
				GCC_OPTIMIZATION_LEVEL = 0;
				GCC_PREPROCESSOR_DEFINITIONS = (
					"DEBUG=1",
					"$(inherited)",
				);
				GCC_WARN_64_TO_32_BIT_CONVERSION = YES;
				GCC_WARN_ABOUT_RETURN_TYPE = YES_ERROR;
				GCC_WARN_UNDECLARED_SELECTOR = YES;
				GCC_WARN_UNINITIALIZED_AUTOS = YES_AGGRESSIVE;
				GCC_WARN_UNUSED_FUNCTION = YES;
				GCC_WARN_UNUSED_VARIABLE = YES;
				IPHONEOS_DEPLOYMENT_TARGET = 10.2;
				MTL_ENABLE_DEBUG_INFO = YES;
				ONLY_ACTIVE_ARCH = YES;
				SDKROOT = iphoneos;
				SWIFT_ACTIVE_COMPILATION_CONDITIONS = DEBUG;
				SWIFT_OPTIMIZATION_LEVEL = "-Onone";
				TARGETED_DEVICE_FAMILY = "1,2";
			};
			name = Debug;
		};
		54E4A9401ED7BEAD004B33E6 /* Release */ = {
			isa = XCBuildConfiguration;
			buildSettings = {
				ALWAYS_SEARCH_USER_PATHS = NO;
				CLANG_ANALYZER_NONNULL = YES;
				CLANG_CXX_LANGUAGE_STANDARD = "gnu++0x";
				CLANG_CXX_LIBRARY = "libc++";
				CLANG_ENABLE_MODULES = YES;
				CLANG_ENABLE_OBJC_ARC = YES;
				CLANG_WARN_BOOL_CONVERSION = YES;
				CLANG_WARN_CONSTANT_CONVERSION = YES;
				CLANG_WARN_DIRECT_OBJC_ISA_USAGE = YES_ERROR;
				CLANG_WARN_DOCUMENTATION_COMMENTS = YES;
				CLANG_WARN_EMPTY_BODY = YES;
				CLANG_WARN_ENUM_CONVERSION = YES;
				CLANG_WARN_INFINITE_RECURSION = YES;
				CLANG_WARN_INT_CONVERSION = YES;
				CLANG_WARN_OBJC_ROOT_CLASS = YES_ERROR;
				CLANG_WARN_SUSPICIOUS_MOVE = YES;
				CLANG_WARN_UNREACHABLE_CODE = YES;
				CLANG_WARN__DUPLICATE_METHOD_MATCH = YES;
				"CODE_SIGN_IDENTITY[sdk=iphoneos*]" = "iPhone Developer";
				COPY_PHASE_STRIP = NO;
				DEBUG_INFORMATION_FORMAT = "dwarf-with-dsym";
				ENABLE_NS_ASSERTIONS = NO;
				ENABLE_STRICT_OBJC_MSGSEND = YES;
				GCC_C_LANGUAGE_STANDARD = gnu99;
				GCC_NO_COMMON_BLOCKS = YES;
				GCC_WARN_64_TO_32_BIT_CONVERSION = YES;
				GCC_WARN_ABOUT_RETURN_TYPE = YES_ERROR;
				GCC_WARN_UNDECLARED_SELECTOR = YES;
				GCC_WARN_UNINITIALIZED_AUTOS = YES_AGGRESSIVE;
				GCC_WARN_UNUSED_FUNCTION = YES;
				GCC_WARN_UNUSED_VARIABLE = YES;
				IPHONEOS_DEPLOYMENT_TARGET = 10.2;
				MTL_ENABLE_DEBUG_INFO = NO;
				SDKROOT = iphoneos;
				SWIFT_OPTIMIZATION_LEVEL = "-Owholemodule";
				TARGETED_DEVICE_FAMILY = "1,2";
				VALIDATE_PRODUCT = YES;
			};
			name = Release;
		};
		54E4A9421ED7BEAD004B33E6 /* Debug */ = {
			isa = XCBuildConfiguration;
			baseConfigurationReference = 3C837A2D33874374F80E8405 /* Pods-uxuanjia.debug.xcconfig */;
			buildSettings = {
				ASSETCATALOG_COMPILER_APPICON_NAME = AppIcon;
				DEVELOPMENT_TEAM = DAVD54NJ5D;
				GCC_PRECOMPILE_PREFIX_HEADER = NO;
				GCC_PREFIX_HEADER = "";
				INFOPLIST_FILE = uxuanjia/Info.plist;
				IPHONEOS_DEPLOYMENT_TARGET = 8.0;
				LD_RUNPATH_SEARCH_PATHS = "$(inherited) @executable_path/Frameworks";
				PRODUCT_BUNDLE_IDENTIFIER = com.uxuanjia.uxuanjia;
				PRODUCT_NAME = "$(TARGET_NAME)";
				SWIFT_VERSION = 3.0;
			};
			name = Debug;
		};
		54E4A9431ED7BEAD004B33E6 /* Release */ = {
			isa = XCBuildConfiguration;
			baseConfigurationReference = 4B40EB5B0CF32E729C12AA6E /* Pods-uxuanjia.release.xcconfig */;
			buildSettings = {
				ASSETCATALOG_COMPILER_APPICON_NAME = AppIcon;
				DEVELOPMENT_TEAM = DAVD54NJ5D;
				GCC_PRECOMPILE_PREFIX_HEADER = NO;
				GCC_PREFIX_HEADER = "";
				INFOPLIST_FILE = uxuanjia/Info.plist;
				IPHONEOS_DEPLOYMENT_TARGET = 8.0;
				LD_RUNPATH_SEARCH_PATHS = "$(inherited) @executable_path/Frameworks";
				PRODUCT_BUNDLE_IDENTIFIER = com.uxuanjia.uxuanjia;
				PRODUCT_NAME = "$(TARGET_NAME)";
				SWIFT_VERSION = 3.0;
			};
			name = Release;
		};
		54E4A9451ED7BEAD004B33E6 /* Debug */ = {
			isa = XCBuildConfiguration;
			buildSettings = {
				ALWAYS_EMBED_SWIFT_STANDARD_LIBRARIES = YES;
				BUNDLE_LOADER = "$(TEST_HOST)";
				DEVELOPMENT_TEAM = DAVD54NJ5D;
				INFOPLIST_FILE = uxuanjiaTests/Info.plist;
				LD_RUNPATH_SEARCH_PATHS = "$(inherited) @executable_path/Frameworks @loader_path/Frameworks";
				PRODUCT_BUNDLE_IDENTIFIER = com.uxuanjia.uxuanjiaTests;
				PRODUCT_NAME = "$(TARGET_NAME)";
				SWIFT_VERSION = 3.0;
				TEST_HOST = "$(BUILT_PRODUCTS_DIR)/uxuanjia.app/uxuanjia";
			};
			name = Debug;
		};
		54E4A9461ED7BEAD004B33E6 /* Release */ = {
			isa = XCBuildConfiguration;
			buildSettings = {
				ALWAYS_EMBED_SWIFT_STANDARD_LIBRARIES = YES;
				BUNDLE_LOADER = "$(TEST_HOST)";
				DEVELOPMENT_TEAM = DAVD54NJ5D;
				INFOPLIST_FILE = uxuanjiaTests/Info.plist;
				LD_RUNPATH_SEARCH_PATHS = "$(inherited) @executable_path/Frameworks @loader_path/Frameworks";
				PRODUCT_BUNDLE_IDENTIFIER = com.uxuanjia.uxuanjiaTests;
				PRODUCT_NAME = "$(TARGET_NAME)";
				SWIFT_VERSION = 3.0;
				TEST_HOST = "$(BUILT_PRODUCTS_DIR)/uxuanjia.app/uxuanjia";
			};
			name = Release;
		};
		54E4A9481ED7BEAD004B33E6 /* Debug */ = {
			isa = XCBuildConfiguration;
			buildSettings = {
				ALWAYS_EMBED_SWIFT_STANDARD_LIBRARIES = YES;
				DEVELOPMENT_TEAM = DAVD54NJ5D;
				INFOPLIST_FILE = uxuanjiaUITests/Info.plist;
				LD_RUNPATH_SEARCH_PATHS = "$(inherited) @executable_path/Frameworks @loader_path/Frameworks";
				PRODUCT_BUNDLE_IDENTIFIER = com.uxuanjia.uxuanjiaUITests;
				PRODUCT_NAME = "$(TARGET_NAME)";
				SWIFT_VERSION = 3.0;
				TEST_TARGET_NAME = uxuanjia;
			};
			name = Debug;
		};
		54E4A9491ED7BEAD004B33E6 /* Release */ = {
			isa = XCBuildConfiguration;
			buildSettings = {
				ALWAYS_EMBED_SWIFT_STANDARD_LIBRARIES = YES;
				DEVELOPMENT_TEAM = DAVD54NJ5D;
				INFOPLIST_FILE = uxuanjiaUITests/Info.plist;
				LD_RUNPATH_SEARCH_PATHS = "$(inherited) @executable_path/Frameworks @loader_path/Frameworks";
				PRODUCT_BUNDLE_IDENTIFIER = com.uxuanjia.uxuanjiaUITests;
				PRODUCT_NAME = "$(TARGET_NAME)";
				SWIFT_VERSION = 3.0;
				TEST_TARGET_NAME = uxuanjia;
			};
			name = Release;
		};
/* End XCBuildConfiguration section */

/* Begin XCConfigurationList section */
		54E4A9141ED7BEAD004B33E6 /* Build configuration list for PBXProject "uxuanjia" */ = {
			isa = XCConfigurationList;
			buildConfigurations = (
				54E4A93F1ED7BEAD004B33E6 /* Debug */,
				54E4A9401ED7BEAD004B33E6 /* Release */,
			);
			defaultConfigurationIsVisible = 0;
			defaultConfigurationName = Release;
		};
		54E4A9411ED7BEAD004B33E6 /* Build configuration list for PBXNativeTarget "uxuanjia" */ = {
			isa = XCConfigurationList;
			buildConfigurations = (
				54E4A9421ED7BEAD004B33E6 /* Debug */,
				54E4A9431ED7BEAD004B33E6 /* Release */,
			);
			defaultConfigurationIsVisible = 0;
			defaultConfigurationName = Release;
		};
		54E4A9441ED7BEAD004B33E6 /* Build configuration list for PBXNativeTarget "uxuanjiaTests" */ = {
			isa = XCConfigurationList;
			buildConfigurations = (
				54E4A9451ED7BEAD004B33E6 /* Debug */,
				54E4A9461ED7BEAD004B33E6 /* Release */,
			);
			defaultConfigurationIsVisible = 0;
			defaultConfigurationName = Release;
		};
		54E4A9471ED7BEAD004B33E6 /* Build configuration list for PBXNativeTarget "uxuanjiaUITests" */ = {
			isa = XCConfigurationList;
			buildConfigurations = (
				54E4A9481ED7BEAD004B33E6 /* Debug */,
				54E4A9491ED7BEAD004B33E6 /* Release */,
			);
			defaultConfigurationIsVisible = 0;
			defaultConfigurationName = Release;
		};
/* End XCConfigurationList section */
	};
	rootObject = 54E4A9111ED7BEAD004B33E6 /* Project object */;
}
